
Microsoft Visual Studio Solution File, Format Version 12.00
# Visual Studio 14
VisualStudioVersion = 14.0.24720.0
MinimumVisualStudioVersion = 10.0.40219.1
Project("{FAE04EC0-301F-11D3-BF4B-00C04F79EFBC}") = "Lab14.70489", "Lab14.70489\Lab14.70489.csproj", "{6ABAAEA4-CA64-4CA0-8EA4-82DEDEDC1A5A}"
EndProject
Project("{FAE04EC0-301F-11D3-BF4B-00C04F79EFBC}") = "Lab14.70489Web", "Lab14.70489Web\Lab14.70489Web.csproj", "{B51891FE-D4AF-466D-9247-706639D8BF36}"
EndProject
Global
	GlobalSection(SolutionConfigurationPlatforms) = preSolution
		Debug|Any CPU = Debug|Any CPU
		Release|Any CPU = Release|Any CPU
	EndGlobalSection
	GlobalSection(ProjectConfigurationPlatforms) = postSolution
		{6ABAAEA4-CA64-4CA0-8EA4-82DEDEDC1A5A}.Debug|Any CPU.ActiveCfg = Debug|Any CPU
		{6ABAAEA4-CA64-4CA0-8EA4-82DEDEDC1A5A}.Debug|Any CPU.Build.0 = Debug|Any CPU
		{6ABAAEA4-CA64-4CA0-8EA4-82DEDEDC1A5A}.Debug|Any CPU.Deploy.0 = Debug|Any CPU
		{6ABAAEA4-CA64-4CA0-8EA4-82DEDEDC1A5A}.Release|Any CPU.ActiveCfg = Release|Any CPU
		{6ABAAEA4-CA64-4CA0-8EA4-82DEDEDC1A5A}.Release|Any CPU.Build.0 = Release|Any CPU
		{6ABAAEA4-CA64-4CA0-8EA4-82DEDEDC1A5A}.Release|Any CPU.Deploy.0 = Release|Any CPU
		{B51891FE-D4AF-466D-9247-706639D8BF36}.Debug|Any CPU.ActiveCfg = Debug|Any CPU
		{B51891FE-D4AF-466D-9247-706639D8BF36}.Debug|Any CPU.Build.0 = Debug|Any CPU
		{B51891FE-D4AF-466D-9247-706639D8BF36}.Release|Any CPU.ActiveCfg = Release|Any CPU
		{B51891FE-D4AF-466D-9247-706639D8BF36}.Release|Any CPU.Build.0 = Release|Any CPU
	EndGlobalSection
	GlobalSection(SolutionProperties) = preSolution
		HideSolutionNode = FALSE
	EndGlobalSection
EndGlobal
